# THIS IS AN AUTOGENERATED FILE. DO NOT EDIT THIS FILE DIRECTLY.
# yarn lockfile v1


"@hotjar/browser@^1.0.9":
  version "1.0.9"
  resolved "https://registry.yarnpkg.com/@hotjar/browser/-/browser-1.0.9.tgz#769b4ded3fa7b9557b785c107f0cd76d3f83789a"
  integrity sha512-n9akDMod8BLGpYEQCrHwlYWWd63c1HlhUSXNIDfClZtKYXbUjIUOFlNZNNcUxgHTCsi4l2i+SWKsGsO0t93S8w==
